hash: 31f2ed8ebb5a211fd6fc5d16a29d5ca42325bbffc401eb8b70e632110a3e7d04
updated: 2017-06-26T09:17:20.80322406+02:00
imports:
- name: github.com/beorn7/perks
  version: 4c0e84591b9aa9e6dcfdf3e020114cd81f89d5f9
  subpackages:
  - quantile
- name: github.com/coreos/etcd
  version: 703663d1f6ed070ab83b01386f0b023091c5e016
  subpackages:
  - auth/authpb
  - clientv3
  - clientv3/naming
  - etcdserver/api/v3rpc/rpctypes
  - etcdserver/etcdserverpb
  - mvcc/mvccpb
- name: github.com/go-kit/kit
  version: a9ca6725cbbea455e61c6bc8a1ed28e81eb3493b
  subpackages:
  - log
- name: github.com/go-logfmt/logfmt
  version: 390ab7935ee28ec6b286364bba9b4dd6410cb3d5
- name: github.com/go-stack/stack
  version: 7a2f19628aabfe68f0766b59e74d6315f8347d22
- name: github.com/golang/protobuf
  version: b50ceb1fa9818fa4d78b016c2d4ae025593a7ce3
  subpackages:
  - proto
  - ptypes/any
- name: github.com/grpc-ecosystem/go-grpc-middleware
  version: f63a7dfb64c138bd93d5c5b896d8b33c4b08e000
  subpackages:
  - auth
  - tags
  - tracing/opentracing
  - util/metautils
- name: github.com/grpc-ecosystem/go-grpc-prometheus
  version: 6b7015e65d366bf3f19b2b2a000a831940f0f7e0
- name: github.com/kr/logfmt
  version: b84e30acd515aadc4b783ad4ff83aff3299bdfe0
- name: github.com/matttproud/golang_protobuf_extensions
  version: c12348ce28de40eed0136aa2b644d0ee0650e56c
  subpackages:
  - pbutil
- name: github.com/olivere/grpc-demo
  version: 7696a7e8a7ae43a57c6f634b27aa28936bc7431b
  subpackages:
  - pb
- name: github.com/olivere/randport
  version: b511dd6722ef78a8a347731008be5bd568fc8a63
- name: github.com/opentracing/opentracing-go
  version: eaaf4e1eeb7a5373b38e70901270c83577dc6fb9
  subpackages:
  - ext
  - log
- name: github.com/prometheus/client_golang
  version: c5b7fccd204277076155f10851dad72b76a49317
  subpackages:
  - prometheus
- name: github.com/prometheus/client_model
  version: 6f3806018612930941127f2a7c6c453ba2c527d2
  subpackages:
  - go
- name: github.com/prometheus/common
  version: 13ba4ddd0caa9c28ca7b7bffe1dfa9ed8d5ef207
  subpackages:
  - expfmt
  - internal/bitbucket.org/ww/goautoneg
  - model
- name: github.com/prometheus/procfs
  version: d098ca18df8bc825079013daf7bacefbb1ee877e
  subpackages:
  - xfs
- name: github.com/soheilhy/cmux
  version: bf4a8ede9e87c006fe1d4278c6c7f2b8be1fa84c
- name: golang.org/x/net
  version: c9b681d35165f1995d6f3034e61f8761d4b90c99
  subpackages:
  - context
  - http2
  - http2/hpack
  - idna
  - internal/timeseries
  - lex/httplex
  - trace
- name: golang.org/x/text
  version: 470f45bf29f4147d6fbd7dfd0a02a848e49f5bf4
  subpackages:
  - secure/bidirule
  - transform
  - unicode/bidi
  - unicode/norm
- name: golang.org/x/time
  version: 8be79e1e0910c292df4e79c241bb7e8f7e725959
  subpackages:
  - rate
- name: google.golang.org/genproto
  version: 411e09b969b1170a9f0c467558eb4c4c110d9c77
  subpackages:
  - googleapis/rpc/status
- name: google.golang.org/grpc
  version: b15215fb911b24a5d61d57feec4233d610530464
  subpackages:
  - codes
  - credentials
  - grpclb/grpc_lb_v1
  - grpclog
  - internal
  - keepalive
  - metadata
  - naming
  - peer
  - stats
  - status
  - tap
  - transport
testImports: []
