hash: 0ad6463bdf44b5123622cd3ea428bebe05f93eba7dbedbacda23dade4cb158c8
updated: 2017-06-26T08:13:55.985109166+02:00
imports:
- name: github.com/beorn7/perks
  version: 4c0e84591b9aa9e6dcfdf3e020114cd81f89d5f9
  subpackages:
  - quantile
- name: github.com/golang/protobuf
  version: b50ceb1fa9818fa4d78b016c2d4ae025593a7ce3
  subpackages:
  - proto
  - ptypes/any
- name: github.com/google/uuid
  version: 064e2069ce9c359c118179501254f67d7d37ba24
- name: github.com/grpc-ecosystem/go-grpc-middleware
  version: f63a7dfb64c138bd93d5c5b896d8b33c4b08e000
  subpackages:
  - retry
  - util/backoffutils
  - util/metautils
- name: github.com/grpc-ecosystem/go-grpc-prometheus
  version: 6b7015e65d366bf3f19b2b2a000a831940f0f7e0
- name: github.com/matttproud/golang_protobuf_extensions
  version: c12348ce28de40eed0136aa2b644d0ee0650e56c
  subpackages:
  - pbutil
- name: github.com/olivere/grpc-demo
  version: 7696a7e8a7ae43a57c6f634b27aa28936bc7431b
  subpackages:
  - pb
- name: github.com/pkg/errors
  version: 645ef00459ed84a119197bfb8d8205042c6df63d
- name: github.com/prometheus/client_golang
  version: c5b7fccd204277076155f10851dad72b76a49317
  subpackages:
  - prometheus
- name: github.com/prometheus/client_model
  version: 6f3806018612930941127f2a7c6c453ba2c527d2
  subpackages:
  - go
- name: github.com/prometheus/common
  version: 13ba4ddd0caa9c28ca7b7bffe1dfa9ed8d5ef207
  subpackages:
  - expfmt
  - internal/bitbucket.org/ww/goautoneg
  - model
- name: github.com/prometheus/procfs
  version: d098ca18df8bc825079013daf7bacefbb1ee877e
  subpackages:
  - xfs
- name: golang.org/x/net
  version: c9b681d35165f1995d6f3034e61f8761d4b90c99
  subpackages:
  - context
  - http2
  - http2/hpack
  - idna
  - internal/timeseries
  - lex/httplex
  - trace
- name: golang.org/x/sync
  version: 57af736625aaa69dfa099432bb67e0808eef3bcc
  subpackages:
  - errgroup
- name: golang.org/x/text
  version: 470f45bf29f4147d6fbd7dfd0a02a848e49f5bf4
  subpackages:
  - secure/bidirule
  - transform
  - unicode/bidi
  - unicode/norm
- name: golang.org/x/time
  version: 8be79e1e0910c292df4e79c241bb7e8f7e725959
  subpackages:
  - rate
- name: google.golang.org/genproto
  version: 411e09b969b1170a9f0c467558eb4c4c110d9c77
  subpackages:
  - googleapis/rpc/status
- name: google.golang.org/grpc
  version: b15215fb911b24a5d61d57feec4233d610530464
  subpackages:
  - codes
  - credentials
  - grpclb/grpc_lb_v1
  - grpclog
  - internal
  - keepalive
  - metadata
  - naming
  - peer
  - stats
  - status
  - tap
  - transport
testImports: []
